
Microsoft Visual Studio Solution File, Format Version 12.00
# Visual Studio Version 17
VisualStudioVersion = 17.10.35013.160
MinimumVisualStudioVersion = 10.0.40219.1
Project("{2150E333-8FDC-42A3-9474-1A3956D46DE8}") = "src", "src", "{867497C0-7842-46AC-8A80-6A393092528D}"
EndProject
Project("{2150E333-8FDC-42A3-9474-1A3956D46DE8}") = "CarService", "CarService", "{2C021753-E97A-467A-90BC-9AE737B6A623}"
EndProject
Project("{2150E333-8FDC-42A3-9474-1A3956D46DE8}") = "Core", "Core", "{2B40E6FF-526A-47C4-94F2-9812EA5D5E41}"
EndProject
Project("{2150E333-8FDC-42A3-9474-1A3956D46DE8}") = "Infrasrtucture", "Infrasrtucture", "{61B45AA2-8150-4FC3-ADD0-F6015D3E36A6}"
EndProject
Project("{2150E333-8FDC-42A3-9474-1A3956D46DE8}") = "Presentation", "Presentation", "{ED031105-9047-411D-8C77-89FA993EDEAA}"
EndProject
Project("{9A19103F-16F7-4668-BE54-9A1E7A4F7556}") = "T-Car-Shop.Core", "src\CarService\Core\T-Car-Shop.Core\T-Car-Shop.Core.csproj", "{50783CAF-792E-4E8E-A416-1FECE5C414A9}"
EndProject
Project("{9A19103F-16F7-4668-BE54-9A1E7A4F7556}") = "T-Car-Shop.Web", "src\CarService\Presentation\T-Car-Shop.Web\T-Car-Shop.Web.csproj", "{97974DAB-60D1-4514-8C95-BEC7B32744E8}"
EndProject
Project("{9A19103F-16F7-4668-BE54-9A1E7A4F7556}") = "T-Car-Shop.DataAccess", "src\CarService\Infrasrtucture\T-Car-Shop.DataAccess\T-Car-Shop.DataAccess.csproj", "{32F857BF-E064-434E-AD12-6967C80009B8}"
EndProject
Project("{9A19103F-16F7-4668-BE54-9A1E7A4F7556}") = "T-Car-Shop.Infrastructure", "src\CarService\Infrasrtucture\T-Car-Shop.Infrastructure\T-Car-Shop.Infrastructure.csproj", "{99D93018-FBD2-4A3D-959F-0BA1059E6391}"
EndProject
Global
	GlobalSection(SolutionConfigurationPlatforms) = preSolution
		Debug|Any CPU = Debug|Any CPU
		Release|Any CPU = Release|Any CPU
	EndGlobalSection
	GlobalSection(ProjectConfigurationPlatforms) = postSolution
		{50783CAF-792E-4E8E-A416-1FECE5C414A9}.Debug|Any CPU.ActiveCfg = Debug|Any CPU
		{50783CAF-792E-4E8E-A416-1FECE5C414A9}.Debug|Any CPU.Build.0 = Debug|Any CPU
		{50783CAF-792E-4E8E-A416-1FECE5C414A9}.Release|Any CPU.ActiveCfg = Release|Any CPU
		{50783CAF-792E-4E8E-A416-1FECE5C414A9}.Release|Any CPU.Build.0 = Release|Any CPU
		{97974DAB-60D1-4514-8C95-BEC7B32744E8}.Debug|Any CPU.ActiveCfg = Debug|Any CPU
		{97974DAB-60D1-4514-8C95-BEC7B32744E8}.Debug|Any CPU.Build.0 = Debug|Any CPU
		{97974DAB-60D1-4514-8C95-BEC7B32744E8}.Release|Any CPU.ActiveCfg = Release|Any CPU
		{97974DAB-60D1-4514-8C95-BEC7B32744E8}.Release|Any CPU.Build.0 = Release|Any CPU
		{32F857BF-E064-434E-AD12-6967C80009B8}.Debug|Any CPU.ActiveCfg = Debug|Any CPU
		{32F857BF-E064-434E-AD12-6967C80009B8}.Debug|Any CPU.Build.0 = Debug|Any CPU
		{32F857BF-E064-434E-AD12-6967C80009B8}.Release|Any CPU.ActiveCfg = Release|Any CPU
		{32F857BF-E064-434E-AD12-6967C80009B8}.Release|Any CPU.Build.0 = Release|Any CPU
		{99D93018-FBD2-4A3D-959F-0BA1059E6391}.Debug|Any CPU.ActiveCfg = Debug|Any CPU
		{99D93018-FBD2-4A3D-959F-0BA1059E6391}.Debug|Any CPU.Build.0 = Debug|Any CPU
		{99D93018-FBD2-4A3D-959F-0BA1059E6391}.Release|Any CPU.ActiveCfg = Release|Any CPU
		{99D93018-FBD2-4A3D-959F-0BA1059E6391}.Release|Any CPU.Build.0 = Release|Any CPU
	EndGlobalSection
	GlobalSection(SolutionProperties) = preSolution
		HideSolutionNode = FALSE
	EndGlobalSection
	GlobalSection(NestedProjects) = preSolution
		{2C021753-E97A-467A-90BC-9AE737B6A623} = {867497C0-7842-46AC-8A80-6A393092528D}
		{2B40E6FF-526A-47C4-94F2-9812EA5D5E41} = {2C021753-E97A-467A-90BC-9AE737B6A623}
		{61B45AA2-8150-4FC3-ADD0-F6015D3E36A6} = {2C021753-E97A-467A-90BC-9AE737B6A623}
		{ED031105-9047-411D-8C77-89FA993EDEAA} = {2C021753-E97A-467A-90BC-9AE737B6A623}
		{50783CAF-792E-4E8E-A416-1FECE5C414A9} = {2B40E6FF-526A-47C4-94F2-9812EA5D5E41}
		{97974DAB-60D1-4514-8C95-BEC7B32744E8} = {ED031105-9047-411D-8C77-89FA993EDEAA}
		{32F857BF-E064-434E-AD12-6967C80009B8} = {61B45AA2-8150-4FC3-ADD0-F6015D3E36A6}
		{99D93018-FBD2-4A3D-959F-0BA1059E6391} = {61B45AA2-8150-4FC3-ADD0-F6015D3E36A6}
	EndGlobalSection
	GlobalSection(ExtensibilityGlobals) = postSolution
		SolutionGuid = {814AFE13-8D0A-4FE7-A055-B7F090A28900}
	EndGlobalSection
EndGlobal
